
Microsoft Visual Studio Solution File, Format Version 12.00
# Visual Studio Version 16
VisualStudioVersion = 16.0.29509.3
MinimumVisualStudioVersion = 10.0.40219.1
Project("{FAE04EC0-301F-11D3-BF4B-00C04F79EFBC}") = "laboratory5", "laboratory5\laboratory5.csproj", "{C30884B4-CD22-4A2B-A508-1B9BAC71FA02}"
EndProject
Global
	GlobalSection(SolutionConfigurationPlatforms) = preSolution
		Debug|Any CPU = Debug|Any CPU
		Release|Any CPU = Release|Any CPU
	EndGlobalSection
	GlobalSection(ProjectConfigurationPlatforms) = postSolution
		{C30884B4-CD22-4A2B-A508-1B9BAC71FA02}.Debug|Any CPU.ActiveCfg = Debug|Any CPU
		{C30884B4-CD22-4A2B-A508-1B9BAC71FA02}.Debug|Any CPU.Build.0 = Debug|Any CPU
		{C30884B4-CD22-4A2B-A508-1B9BAC71FA02}.Release|Any CPU.ActiveCfg = Release|Any CPU
		{C30884B4-CD22-4A2B-A508-1B9BAC71FA02}.Release|Any CPU.Build.0 = Release|Any CPU
	EndGlobalSection
	GlobalSection(SolutionProperties) = preSolution
		HideSolutionNode = FALSE
	EndGlobalSection
	GlobalSection(ExtensibilityGlobals) = postSolution
		SolutionGuid = {9E41CA8E-B4C9-4BCD-AFB3-2E09944BB9D6}
	EndGlobalSection
EndGlobal
