
Microsoft Visual Studio Solution File, Format Version 12.00
# Visual Studio Version 16
VisualStudioVersion = 16.0.29509.3
MinimumVisualStudioVersion = 10.0.40219.1
Project("{FAE04EC0-301F-11D3-BF4B-00C04F79EFBC}") = "Laboratory3", "Laboratory3\Laboratory3.csproj", "{C007E493-CFAE-4AE9-B3BC-ABFFFBFD0DC9}"
EndProject
Global
	GlobalSection(SolutionConfigurationPlatforms) = preSolution
		Debug|Any CPU = Debug|Any CPU
		Release|Any CPU = Release|Any CPU
	EndGlobalSection
	GlobalSection(ProjectConfigurationPlatforms) = postSolution
		{C007E493-CFAE-4AE9-B3BC-ABFFFBFD0DC9}.Debug|Any CPU.ActiveCfg = Debug|Any CPU
		{C007E493-CFAE-4AE9-B3BC-ABFFFBFD0DC9}.Debug|Any CPU.Build.0 = Debug|Any CPU
		{C007E493-CFAE-4AE9-B3BC-ABFFFBFD0DC9}.Release|Any CPU.ActiveCfg = Release|Any CPU
		{C007E493-CFAE-4AE9-B3BC-ABFFFBFD0DC9}.Release|Any CPU.Build.0 = Release|Any CPU
	EndGlobalSection
	GlobalSection(SolutionProperties) = preSolution
		HideSolutionNode = FALSE
	EndGlobalSection
	GlobalSection(ExtensibilityGlobals) = postSolution
		SolutionGuid = {2139DDDC-AE6F-4656-8837-117B8A3A2CDD}
	EndGlobalSection
EndGlobal
